dependencies:
  espressif/led_strip:
    component_hash: f0d1b7f93eb3ee57bcfd220656176b0b5616e1947f89ed44364555cf910c4840
    dependencies:
    - name: idf
      require: private
      version: '>=5.0'
    source:
      registry_url: https://components.espressif.com/
      type: service
    version: 3.0.2
  hayschan/buzzer:
    component_hash: ed8b35d8d2d662379010dd44624e3d0ac88ec9027a99f1091663dda821f3051d
    dependencies:
    - name: idf
      require: private
      version: '>=4.4.0'
    source:
      registry_url: https://components.espressif.com/
      type: service
    version: 1.0.0
  idf:
    source:
      type: idf
    version: 5.4.2
direct_dependencies:
- espressif/led_strip
- hayschan/buzzer
- idf
manifest_hash: 8c77899434b06fb19cbbbd50f16404f83a7197f3404acb8d5e59b7e14257d333
target: esp32s3
version: 2.0.0
